dependencies:
- name: cluster
  repository: https://giantswarm.github.io/cluster-test-catalog
  version: 2.4.0-f6040198152f9e5a098b1debe99403aa81608914
- name: cluster-shared
  repository: https://giantswarm.github.io/cluster-catalog
  version: 0.7.1
digest: sha256:97479971bd1343c15551041fc84a9e5381454b154eb703beb451f9c4cae3d038
generated: "2025-07-03T18:15:16.417993297Z"
