dependencies:
- name: cluster
  repository: https://giantswarm.github.io/cluster-test-catalog
  version: 2.2.0-0ad8a3d122be57952305279408456818a38f381a
- name: cluster-shared
  repository: https://giantswarm.github.io/cluster-catalog
  version: 0.7.1
digest: sha256:4572c1dde53aef6c94f3de1210518fdd29ce260fd6ebf6bf00de72639d395f9d
generated: "2025-05-13T11:38:31.795345431Z"
