dependencies:
- name: cluster
  repository: https://giantswarm.github.io/cluster-test-catalog
  version: 1.5.2-ef5ee169c2afdb76d56402b8283f090f71301508
- name: cluster-shared
  repository: https://giantswarm.github.io/cluster-catalog
  version: 0.7.1
digest: sha256:15f197eb82bdb54067e8b64da05d60ab346bfa0eb4e57da6d5885e026ca45bce
generated: "2024-10-09T15:37:20.299351971Z"
